
Microsoft Visual Studio Solution File, Format Version 12.00
# Visual Studio Version 16
VisualStudioVersion = 16.0.30709.132
MinimumVisualStudioVersion = 15.0.26124.0
Project("{9A19103F-16F7-4668-BE54-9A1E7A4F7556}") = "API", "API\API.csproj", "{908C5A87-1C93-4FD9-B441-1ABEA54E849F}"
EndProject
Project("{9A19103F-16F7-4668-BE54-9A1E7A4F7556}") = "Core", "Core\Core.csproj", "{2CCBB6C8-812D-4DA8-AA09-3A7A58012118}"
EndProject
Project("{9A19103F-16F7-4668-BE54-9A1E7A4F7556}") = "Infrastructure", "Infrastructure\Infrastructure.csproj", "{F421D169-C722-479E-A2DB-059DA0C7DBD9}"
EndProject
Global
	GlobalSection(SolutionConfigurationPlatforms) = preSolution
		Debug|Any CPU = Debug|Any CPU
		Debug|x64 = Debug|x64
		Debug|x86 = Debug|x86
		Release|Any CPU = Release|Any CPU
		Release|x64 = Release|x64
		Release|x86 = Release|x86
	EndGlobalSection
	GlobalSection(ProjectConfigurationPlatforms) = postSolution
		{908C5A87-1C93-4FD9-B441-1ABEA54E849F}.Debug|Any CPU.ActiveCfg = Debug|Any CPU
		{908C5A87-1C93-4FD9-B441-1ABEA54E849F}.Debug|Any CPU.Build.0 = Debug|Any CPU
		{908C5A87-1C93-4FD9-B441-1ABEA54E849F}.Debug|x64.ActiveCfg = Debug|Any CPU
		{908C5A87-1C93-4FD9-B441-1ABEA54E849F}.Debug|x64.Build.0 = Debug|Any CPU
		{908C5A87-1C93-4FD9-B441-1ABEA54E849F}.Debug|x86.ActiveCfg = Debug|Any CPU
		{908C5A87-1C93-4FD9-B441-1ABEA54E849F}.Debug|x86.Build.0 = Debug|Any CPU
		{908C5A87-1C93-4FD9-B441-1ABEA54E849F}.Release|Any CPU.ActiveCfg = Release|Any CPU
		{908C5A87-1C93-4FD9-B441-1ABEA54E849F}.Release|Any CPU.Build.0 = Release|Any CPU
		{908C5A87-1C93-4FD9-B441-1ABEA54E849F}.Release|x64.ActiveCfg = Release|Any CPU
		{908C5A87-1C93-4FD9-B441-1ABEA54E849F}.Release|x64.Build.0 = Release|Any CPU
		{908C5A87-1C93-4FD9-B441-1ABEA54E849F}.Release|x86.ActiveCfg = Release|Any CPU
		{908C5A87-1C93-4FD9-B441-1ABEA54E849F}.Release|x86.Build.0 = Release|Any CPU
		{2CCBB6C8-812D-4DA8-AA09-3A7A58012118}.Debug|Any CPU.ActiveCfg = Debug|Any CPU
		{2CCBB6C8-812D-4DA8-AA09-3A7A58012118}.Debug|Any CPU.Build.0 = Debug|Any CPU
		{2CCBB6C8-812D-4DA8-AA09-3A7A58012118}.Debug|x64.ActiveCfg = Debug|Any CPU
		{2CCBB6C8-812D-4DA8-AA09-3A7A58012118}.Debug|x64.Build.0 = Debug|Any CPU
		{2CCBB6C8-812D-4DA8-AA09-3A7A58012118}.Debug|x86.ActiveCfg = Debug|Any CPU
		{2CCBB6C8-812D-4DA8-AA09-3A7A58012118}.Debug|x86.Build.0 = Debug|Any CPU
		{2CCBB6C8-812D-4DA8-AA09-3A7A58012118}.Release|Any CPU.ActiveCfg = Release|Any CPU
		{2CCBB6C8-812D-4DA8-AA09-3A7A58012118}.Release|Any CPU.Build.0 = Release|Any CPU
		{2CCBB6C8-812D-4DA8-AA09-3A7A58012118}.Release|x64.ActiveCfg = Release|Any CPU
		{2CCBB6C8-812D-4DA8-AA09-3A7A58012118}.Release|x64.Build.0 = Release|Any CPU
		{2CCBB6C8-812D-4DA8-AA09-3A7A58012118}.Release|x86.ActiveCfg = Release|Any CPU
		{2CCBB6C8-812D-4DA8-AA09-3A7A58012118}.Release|x86.Build.0 = Release|Any CPU
		{F421D169-C722-479E-A2DB-059DA0C7DBD9}.Debug|Any CPU.ActiveCfg = Debug|Any CPU
		{F421D169-C722-479E-A2DB-059DA0C7DBD9}.Debug|Any CPU.Build.0 = Debug|Any CPU
		{F421D169-C722-479E-A2DB-059DA0C7DBD9}.Debug|x64.ActiveCfg = Debug|Any CPU
		{F421D169-C722-479E-A2DB-059DA0C7DBD9}.Debug|x64.Build.0 = Debug|Any CPU
		{F421D169-C722-479E-A2DB-059DA0C7DBD9}.Debug|x86.ActiveCfg = Debug|Any CPU
		{F421D169-C722-479E-A2DB-059DA0C7DBD9}.Debug|x86.Build.0 = Debug|Any CPU
		{F421D169-C722-479E-A2DB-059DA0C7DBD9}.Release|Any CPU.ActiveCfg = Release|Any CPU
		{F421D169-C722-479E-A2DB-059DA0C7DBD9}.Release|Any CPU.Build.0 = Release|Any CPU
		{F421D169-C722-479E-A2DB-059DA0C7DBD9}.Release|x64.ActiveCfg = Release|Any CPU
		{F421D169-C722-479E-A2DB-059DA0C7DBD9}.Release|x64.Build.0 = Release|Any CPU
		{F421D169-C722-479E-A2DB-059DA0C7DBD9}.Release|x86.ActiveCfg = Release|Any CPU
		{F421D169-C722-479E-A2DB-059DA0C7DBD9}.Release|x86.Build.0 = Release|Any CPU
	EndGlobalSection
	GlobalSection(SolutionProperties) = preSolution
		HideSolutionNode = FALSE
	EndGlobalSection
	GlobalSection(ExtensibilityGlobals) = postSolution
		SolutionGuid = {44F9507B-BFF6-4C3F-AF03-63D93BDA9027}
	EndGlobalSection
EndGlobal
